// !$*UTF8*$!
{
	archiveVersion = 1;
	classes = {
	};
	objectVersion = 55;
	objects = {

/* Begin PBXBuildFile section */
		DE03D95D286CAA2C00E12E0F /* myGymBuddyApp.swift in Sources */ = {isa = PBXBuildFile; fileRef = DE03D95C286CAA2C00E12E0F /* myGymBuddyApp.swift */; };
		DE03D95F286CAA2C00E12E0F /* FirstLaunchView.swift in Sources */ = {isa = PBXBuildFile; fileRef = DE03D95E286CAA2C00E12E0F /* FirstLaunchView.swift */; };
		DE03D961286CAA2D00E12E0F /* Assets.xcassets in Resources */ = {isa = PBXBuildFile; fileRef = DE03D960286CAA2D00E12E0F /* Assets.xcassets */; };
		DE03D964286CAA2D00E12E0F /* Preview Assets.xcassets in Resources */ = {isa = PBXBuildFile; fileRef = DE03D963286CAA2D00E12E0F /* Preview Assets.xcassets */; };
		DE814C0928D2344000120ECC /* CoreDataHelper.swift in Sources */ = {isa = PBXBuildFile; fileRef = DE814C0828D2344000120ECC /* CoreDataHelper.swift */; };
		DE897A4328B1725900EFFCC6 /* HomePageView.swift in Sources */ = {isa = PBXBuildFile; fileRef = DE897A4228B1725900EFFCC6 /* HomePageView.swift */; };
		DE9BEF4028B7BEAA00D22AD6 /* WarmUpPageView.swift in Sources */ = {isa = PBXBuildFile; fileRef = DE9BEF3F28B7BEAA00D22AD6 /* WarmUpPageView.swift */; };
		DE9BEF6128BFB8EF00D22AD6 /* Persistence.swift in Sources */ = {isa = PBXBuildFile; fileRef = DE9BEF6028BFB8EF00D22AD6 /* Persistence.swift */; };
		DE9BEF6428BFB95F00D22AD6 /* CoreDataModel.xcdatamodeld in Sources */ = {isa = PBXBuildFile; fileRef = DE9BEF6228BFB95F00D22AD6 /* CoreDataModel.xcdatamodeld */; };
		DE9BEF6728BFB97900D22AD6 /* CoreData.framework in Frameworks */ = {isa = PBXBuildFile; fileRef = DE9BEF6628BFB97900D22AD6 /* CoreData.framework */; };
		DECB548C28C79A28005A3B8C /* ExerciseCell.swift in Sources */ = {isa = PBXBuildFile; fileRef = DECB548B28C79A28005A3B8C /* ExerciseCell.swift */; };
		DECB548E28C8DE91005A3B8C /* CoreDataExtension.swift in Sources */ = {isa = PBXBuildFile; fileRef = DECB548D28C8DE91005A3B8C /* CoreDataExtension.swift */; };
		DECB549028C8E719005A3B8C /* EditWorkoutRoutineView.swift in Sources */ = {isa = PBXBuildFile; fileRef = DECB548F28C8E719005A3B8C /* EditWorkoutRoutineView.swift */; };
		DEE569DF28C3F16F00EA0244 /* CoreDataManager.swift in Sources */ = {isa = PBXBuildFile; fileRef = DEE569DE28C3F16F00EA0244 /* CoreDataManager.swift */; };
		DEF5D27728B3C22900654C11 /* EditExerciseView.swift in Sources */ = {isa = PBXBuildFile; fileRef = DEF5D27628B3C22900654C11 /* EditExerciseView.swift */; };
		DEF5D27928B51E7900654C11 /* MyWorkOutPageView.swift in Sources */ = {isa = PBXBuildFile; fileRef = DEF5D27828B51E7900654C11 /* MyWorkOutPageView.swift */; };
		DEFD1C5728CF868E00121116 /* Extensions.swift in Sources */ = {isa = PBXBuildFile; fileRef = DEFD1C5628CF868E00121116 /* Extensions.swift */; };
/* End PBXBuildFile section */

/* Begin PBXFileReference section */
		DE03D959286CAA2C00E12E0F /* MyGymBuddy.app */ = {isa = PBXFileReference; explicitFileType = wrapper.application; includeInIndex = 0; path = MyGymBuddy.app; sourceTree = BUILT_PRODUCTS_DIR; };
		DE03D95C286CAA2C00E12E0F /* myGymBuddyApp.swift */ = {isa = PBXFileReference; lastKnownFileType = sourcecode.swift; path = myGymBuddyApp.swift; sourceTree = "<group>"; };
		DE03D95E286CAA2C00E12E0F /* FirstLaunchView.swift */ = {isa = PBXFileReference; lastKnownFileType = sourcecode.swift; path = FirstLaunchView.swift; sourceTree = "<group>"; };
		DE03D960286CAA2D00E12E0F /* Assets.xcassets */ = {isa = PBXFileReference; lastKnownFileType = folder.assetcatalog; path = Assets.xcassets; sourceTree = "<group>"; };
		DE03D963286CAA2D00E12E0F /* Preview Assets.xcassets */ = {isa = PBXFileReference; lastKnownFileType = folder.assetcatalog; path = "Preview Assets.xcassets"; sourceTree = "<group>"; };
		DE814C0828D2344000120ECC /* CoreDataHelper.swift */ = {isa = PBXFileReference; lastKnownFileType = sourcecode.swift; path = CoreDataHelper.swift; sourceTree = "<group>"; };
		DE897A4228B1725900EFFCC6 /* HomePageView.swift */ = {isa = PBXFileReference; lastKnownFileType = sourcecode.swift; path = HomePageView.swift; sourceTree = "<group>"; };
		DE9BEF3F28B7BEAA00D22AD6 /* WarmUpPageView.swift */ = {isa = PBXFileReference; lastKnownFileType = sourcecode.swift; path = WarmUpPageView.swift; sourceTree = "<group>"; };
		DE9BEF6028BFB8EF00D22AD6 /* Persistence.swift */ = {isa = PBXFileReference; lastKnownFileType = sourcecode.swift; path = Persistence.swift; sourceTree = "<group>"; };
		DE9BEF6328BFB95F00D22AD6 /* CoreDataModel.xcdatamodel */ = {isa = PBXFileReference; lastKnownFileType = wrapper.xcdatamodel; path = CoreDataModel.xcdatamodel; sourceTree = "<group>"; };
		DE9BEF6628BFB97900D22AD6 /* CoreData.framework */ = {isa = PBXFileReference; lastKnownFileType = wrapper.framework; name = CoreData.framework; path = System/Library/Frameworks/CoreData.framework; sourceTree = SDKROOT; };
		DECB548B28C79A28005A3B8C /* ExerciseCell.swift */ = {isa = PBXFileReference; lastKnownFileType = sourcecode.swift; path = ExerciseCell.swift; sourceTree = "<group>"; };
		DECB548D28C8DE91005A3B8C /* CoreDataExtension.swift */ = {isa = PBXFileReference; lastKnownFileType = sourcecode.swift; path = CoreDataExtension.swift; sourceTree = "<group>"; };
		DECB548F28C8E719005A3B8C /* EditWorkoutRoutineView.swift */ = {isa = PBXFileReference; lastKnownFileType = sourcecode.swift; path = EditWorkoutRoutineView.swift; sourceTree = "<group>"; };
		DEE569DE28C3F16F00EA0244 /* CoreDataManager.swift */ = {isa = PBXFileReference; lastKnownFileType = sourcecode.swift; path = CoreDataManager.swift; sourceTree = "<group>"; };
		DEF5D27628B3C22900654C11 /* EditExerciseView.swift */ = {isa = PBXFileReference; lastKnownFileType = sourcecode.swift; path = EditExerciseView.swift; sourceTree = "<group>"; };
		DEF5D27828B51E7900654C11 /* MyWorkOutPageView.swift */ = {isa = PBXFileReference; lastKnownFileType = sourcecode.swift; path = MyWorkOutPageView.swift; sourceTree = "<group>"; };
		DEFD1C5628CF868E00121116 /* Extensions.swift */ = {isa = PBXFileReference; lastKnownFileType = sourcecode.swift; path = Extensions.swift; sourceTree = "<group>"; };
/* End PBXFileReference section */

/* Begin PBXFrameworksBuildPhase section */
		DE03D956286CAA2C00E12E0F /* Frameworks */ = {
			isa = PBXFrameworksBuildPhase;
			buildActionMask = 2147483647;
			files = (
				DE9BEF6728BFB97900D22AD6 /* CoreData.framework in Frameworks */,
			);
			runOnlyForDeploymentPostprocessing = 0;
		};
/* End PBXFrameworksBuildPhase section */

/* Begin PBXGroup section */
		DE03D950286CAA2C00E12E0F = {
			isa = PBXGroup;
			children = (
				DE03D95B286CAA2C00E12E0F /* myGymBuddy */,
				DE03D95A286CAA2C00E12E0F /* Products */,
				DE9BEF6528BFB97900D22AD6 /* Frameworks */,
			);
			sourceTree = "<group>";
		};
		DE03D95A286CAA2C00E12E0F /* Products */ = {
			isa = PBXGroup;
			children = (
				DE03D959286CAA2C00E12E0F /* MyGymBuddy.app */,
			);
			name = Products;
			sourceTree = "<group>";
		};
		DE03D95B286CAA2C00E12E0F /* myGymBuddy */ = {
			isa = PBXGroup;
			children = (
				DEE569DD28C3F12200EA0244 /* CoreDataManager */,
				DE03D95C286CAA2C00E12E0F /* myGymBuddyApp.swift */,
				DE814C0828D2344000120ECC /* CoreDataHelper.swift */,
				DECB548D28C8DE91005A3B8C /* CoreDataExtension.swift */,
				DEFD1C5628CF868E00121116 /* Extensions.swift */,
				DECB548A28C78AB7005A3B8C /* View */,
				DE9BEF6228BFB95F00D22AD6 /* CoreDataModel.xcdatamodeld */,
				DE9BEF6028BFB8EF00D22AD6 /* Persistence.swift */,
				DE03D960286CAA2D00E12E0F /* Assets.xcassets */,
				DE03D962286CAA2D00E12E0F /* Preview Content */,
			);
			path = myGymBuddy;
			sourceTree = "<group>";
		};
		DE03D962286CAA2D00E12E0F /* Preview Content */ = {
			isa = PBXGroup;
			children = (
				DE03D963286CAA2D00E12E0F /* Preview Assets.xcassets */,
			);
			path = "Preview Content";
			sourceTree = "<group>";
		};
		DE9BEF6528BFB97900D22AD6 /* Frameworks */ = {
			isa = PBXGroup;
			children = (
				DE9BEF6628BFB97900D22AD6 /* CoreData.framework */,
			);
			name = Frameworks;
			sourceTree = "<group>";
		};
		DECB548A28C78AB7005A3B8C /* View */ = {
			isa = PBXGroup;
			children = (
				DE9BEF3F28B7BEAA00D22AD6 /* WarmUpPageView.swift */,
				DEF5D27628B3C22900654C11 /* EditExerciseView.swift */,
				DE897A4228B1725900EFFCC6 /* HomePageView.swift */,
				DE03D95E286CAA2C00E12E0F /* FirstLaunchView.swift */,
				DECB548B28C79A28005A3B8C /* ExerciseCell.swift */,
				DEF5D27828B51E7900654C11 /* MyWorkOutPageView.swift */,
				DECB548F28C8E719005A3B8C /* EditWorkoutRoutineView.swift */,
			);
			path = View;
			sourceTree = "<group>";
		};
		DEE569DD28C3F12200EA0244 /* CoreDataManager */ = {
			isa = PBXGroup;
			children = (
				DEE569DE28C3F16F00EA0244 /* CoreDataManager.swift */,
			);
			path = CoreDataManager;
			sourceTree = "<group>";
		};
/* End PBXGroup section */

/* Begin PBXNativeTarget section */
		DE03D958286CAA2C00E12E0F /* MyGymBuddy */ = {
			isa = PBXNativeTarget;
			buildConfigurationList = DE03D967286CAA2D00E12E0F /* Build configuration list for PBXNativeTarget "MyGymBuddy" */;
			buildPhases = (
				DE03D955286CAA2C00E12E0F /* Sources */,
				DE03D956286CAA2C00E12E0F /* Frameworks */,
				DE03D957286CAA2C00E12E0F /* Resources */,
			);
			buildRules = (
			);
			dependencies = (
			);
			name = MyGymBuddy;
			productName = myGymBuddy;
			productReference = DE03D959286CAA2C00E12E0F /* MyGymBuddy.app */;
			productType = "com.apple.product-type.application";
		};
/* End PBXNativeTarget section */

/* Begin PBXProject section */
		DE03D951286CAA2C00E12E0F /* Project object */ = {
			isa = PBXProject;
			attributes = {
				BuildIndependentTargetsInParallel = 1;
				LastSwiftUpdateCheck = 1340;
				LastUpgradeCheck = 1340;
				TargetAttributes = {
					DE03D958286CAA2C00E12E0F = {
						CreatedOnToolsVersion = 13.4.1;
					};
				};
			};
			buildConfigurationList = DE03D954286CAA2C00E12E0F /* Build configuration list for PBXProject "myGymBuddy" */;
			compatibilityVersion = "Xcode 13.0";
			developmentRegion = en;
			hasScannedForEncodings = 0;
			knownRegions = (
				en,
				Base,
			);
			mainGroup = DE03D950286CAA2C00E12E0F;
			productRefGroup = DE03D95A286CAA2C00E12E0F /* Products */;
			projectDirPath = "";
			projectRoot = "";
			targets = (
				DE03D958286CAA2C00E12E0F /* MyGymBuddy */,
			);
		};
/* End PBXProject section */

/* Begin PBXResourcesBuildPhase section */
		DE03D957286CAA2C00E12E0F /* Resources */ = {
			isa = PBXResourcesBuildPhase;
			buildActionMask = 2147483647;
			files = (
				DE03D964286CAA2D00E12E0F /* Preview Assets.xcassets in Resources */,
				DE03D961286CAA2D00E12E0F /* Assets.xcassets in Resources */,
			);
			runOnlyForDeploymentPostprocessing = 0;
		};
/* End PBXResourcesBuildPhase section */

/* Begin PBXSourcesBuildPhase section */
		DE03D955286CAA2C00E12E0F /* Sources */ = {
			isa = PBXSourcesBuildPhase;
			buildActionMask = 2147483647;
			files = (
				DE9BEF6128BFB8EF00D22AD6 /* Persistence.swift in Sources */,
				DE03D95F286CAA2C00E12E0F /* FirstLaunchView.swift in Sources */,
				DECB548E28C8DE91005A3B8C /* CoreDataExtension.swift in Sources */,
				DE897A4328B1725900EFFCC6 /* HomePageView.swift in Sources */,
				DECB548C28C79A28005A3B8C /* ExerciseCell.swift in Sources */,
				DECB549028C8E719005A3B8C /* EditWorkoutRoutineView.swift in Sources */,
				DEF5D27928B51E7900654C11 /* MyWorkOutPageView.swift in Sources */,
				DE03D95D286CAA2C00E12E0F /* myGymBuddyApp.swift in Sources */,
				DEFD1C5728CF868E00121116 /* Extensions.swift in Sources */,
				DEF5D27728B3C22900654C11 /* EditExerciseView.swift in Sources */,
				DE814C0928D2344000120ECC /* CoreDataHelper.swift in Sources */,
				DEE569DF28C3F16F00EA0244 /* CoreDataManager.swift in Sources */,
				DE9BEF6428BFB95F00D22AD6 /* CoreDataModel.xcdatamodeld in Sources */,
				DE9BEF4028B7BEAA00D22AD6 /* WarmUpPageView.swift in Sources */,
			);
			runOnlyForDeploymentPostprocessing = 0;
		};
/* End PBXSourcesBuildPhase section */

/* Begin XCBuildConfiguration section */
		DE03D965286CAA2D00E12E0F /* Debug */ = {
			isa = XCBuildConfiguration;
			buildSettings = {
				ALWAYS_SEARCH_USER_PATHS = NO;
				CLANG_ANALYZER_NONNULL = YES;
				CLANG_ANALYZER_NUMBER_OBJECT_CONVERSION = YES_AGGRESSIVE;
				CLANG_CXX_LANGUAGE_STANDARD = "gnu++17";
				CLANG_ENABLE_MODULES = YES;
				CLANG_ENABLE_OBJC_ARC = YES;
				CLANG_ENABLE_OBJC_WEAK = YES;
				CLANG_WARN_BLOCK_CAPTURE_AUTORELEASING = YES;
				CLANG_WARN_BOOL_CONVERSION = YES;
				CLANG_WARN_COMMA = YES;
				CLANG_WARN_CONSTANT_CONVERSION = YES;
				CLANG_WARN_DEPRECATED_OBJC_IMPLEMENTATIONS = YES;
				CLANG_WARN_DIRECT_OBJC_ISA_USAGE = YES_ERROR;
				CLANG_WARN_DOCUMENTATION_COMMENTS = YES;
				CLANG_WARN_EMPTY_BODY = YES;
				CLANG_WARN_ENUM_CONVERSION = YES;
				CLANG_WARN_INFINITE_RECURSION = YES;
				CLANG_WARN_INT_CONVERSION = YES;
				CLANG_WARN_NON_LITERAL_NULL_CONVERSION = YES;
				CLANG_WARN_OBJC_IMPLICIT_RETAIN_SELF = YES;
				CLANG_WARN_OBJC_LITERAL_CONVERSION = YES;
				CLANG_WARN_OBJC_ROOT_CLASS = YES_ERROR;
				CLANG_WARN_QUOTED_INCLUDE_IN_FRAMEWORK_HEADER = YES;
				CLANG_WARN_RANGE_LOOP_ANALYSIS = YES;
				CLANG_WARN_STRICT_PROTOTYPES = YES;
				CLANG_WARN_SUSPICIOUS_MOVE = YES;
				CLANG_WARN_UNGUARDED_AVAILABILITY = YES_AGGRESSIVE;
				CLANG_WARN_UNREACHABLE_CODE = YES;
				CLANG_WARN__DUPLICATE_METHOD_MATCH = YES;
				COPY_PHASE_STRIP = NO;
				DEBUG_INFORMATION_FORMAT = dwarf;
				ENABLE_STRICT_OBJC_MSGSEND = YES;
				ENABLE_TESTABILITY = YES;
				GCC_C_LANGUAGE_STANDARD = gnu11;
				GCC_DYNAMIC_NO_PIC = NO;
				GCC_NO_COMMON_BLOCKS = YES;
				GCC_OPTIMIZATION_LEVEL = 0;
				GCC_PREPROCESSOR_DEFINITIONS = (
					"DEBUG=1",
					"$(inherited)",
				);
				GCC_WARN_64_TO_32_BIT_CONVERSION = YES;
				GCC_WARN_ABOUT_RETURN_TYPE = YES_ERROR;
				GCC_WARN_UNDECLARED_SELECTOR = YES;
				GCC_WARN_UNINITIALIZED_AUTOS = YES_AGGRESSIVE;
				GCC_WARN_UNUSED_FUNCTION = YES;
				GCC_WARN_UNUSED_VARIABLE = YES;
				IPHONEOS_DEPLOYMENT_TARGET = 15.5;
				MTL_ENABLE_DEBUG_INFO = INCLUDE_SOURCE;
				MTL_FAST_MATH = YES;
				ONLY_ACTIVE_ARCH = YES;
				SDKROOT = iphoneos;
				SWIFT_ACTIVE_COMPILATION_CONDITIONS = DEBUG;
				SWIFT_OPTIMIZATION_LEVEL = "-Onone";
			};
			name = Debug;
		};
		DE03D966286CAA2D00E12E0F /* Release */ = {
			isa = XCBuildConfiguration;
			buildSettings = {
				ALWAYS_SEARCH_USER_PATHS = NO;
				CLANG_ANALYZER_NONNULL = YES;
				CLANG_ANALYZER_NUMBER_OBJECT_CONVERSION = YES_AGGRESSIVE;
				CLANG_CXX_LANGUAGE_STANDARD = "gnu++17";
				CLANG_ENABLE_MODULES = YES;
				CLANG_ENABLE_OBJC_ARC = YES;
				CLANG_ENABLE_OBJC_WEAK = YES;
				CLANG_WARN_BLOCK_CAPTURE_AUTORELEASING = YES;
				CLANG_WARN_BOOL_CONVERSION = YES;
				CLANG_WARN_COMMA = YES;
				CLANG_WARN_CONSTANT_CONVERSION = YES;
				CLANG_WARN_DEPRECATED_OBJC_IMPLEMENTATIONS = YES;
				CLANG_WARN_DIRECT_OBJC_ISA_USAGE = YES_ERROR;
				CLANG_WARN_DOCUMENTATION_COMMENTS = YES;
				CLANG_WARN_EMPTY_BODY = YES;
				CLANG_WARN_ENUM_CONVERSION = YES;
				CLANG_WARN_INFINITE_RECURSION = YES;
				CLANG_WARN_INT_CONVERSION = YES;
				CLANG_WARN_NON_LITERAL_NULL_CONVERSION = YES;
				CLANG_WARN_OBJC_IMPLICIT_RETAIN_SELF = YES;
				CLANG_WARN_OBJC_LITERAL_CONVERSION = YES;
				CLANG_WARN_OBJC_ROOT_CLASS = YES_ERROR;
				CLANG_WARN_QUOTED_INCLUDE_IN_FRAMEWORK_HEADER = YES;
				CLANG_WARN_RANGE_LOOP_ANALYSIS = YES;
				CLANG_WARN_STRICT_PROTOTYPES = YES;
				CLANG_WARN_SUSPICIOUS_MOVE = YES;
				CLANG_WARN_UNGUARDED_AVAILABILITY = YES_AGGRESSIVE;
				CLANG_WARN_UNREACHABLE_CODE = YES;
				CLANG_WARN__DUPLICATE_METHOD_MATCH = YES;
				COPY_PHASE_STRIP = NO;
				DEBUG_INFORMATION_FORMAT = "dwarf-with-dsym";
				ENABLE_NS_ASSERTIONS = NO;
				ENABLE_STRICT_OBJC_MSGSEND = YES;
				GCC_C_LANGUAGE_STANDARD = gnu11;
				GCC_NO_COMMON_BLOCKS = YES;
				GCC_WARN_64_TO_32_BIT_CONVERSION = YES;
				GCC_WARN_ABOUT_RETURN_TYPE = YES_ERROR;
				GCC_WARN_UNDECLARED_SELECTOR = YES;
				GCC_WARN_UNINITIALIZED_AUTOS = YES_AGGRESSIVE;
				GCC_WARN_UNUSED_FUNCTION = YES;
				GCC_WARN_UNUSED_VARIABLE = YES;
				IPHONEOS_DEPLOYMENT_TARGET = 15.5;
				MTL_ENABLE_DEBUG_INFO = NO;
				MTL_FAST_MATH = YES;
				SDKROOT = iphoneos;
				SWIFT_COMPILATION_MODE = wholemodule;
				SWIFT_OPTIMIZATION_LEVEL = "-O";
				VALIDATE_PRODUCT = YES;
			};
			name = Release;
		};
		DE03D968286CAA2D00E12E0F /* Debug */ = {
			isa = XCBuildConfiguration;
			buildSettings = {
				ASSETCATALOG_COMPILER_APPICON_NAME = AppIcon;
				ASSETCATALOG_COMPILER_GLOBAL_ACCENT_COLOR_NAME = AccentColor;
				CODE_SIGN_IDENTITY = "Apple Development";
				CODE_SIGN_STYLE = Automatic;
				CURRENT_PROJECT_VERSION = 1;
				DEVELOPMENT_ASSET_PATHS = "\"myGymBuddy/Preview Content\"";
				DEVELOPMENT_TEAM = T22LLLY7PY;
				ENABLE_PREVIEWS = YES;
				GENERATE_INFOPLIST_FILE = YES;
				INFOPLIST_KEY_UIApplicationSceneManifest_Generation = YES;
				INFOPLIST_KEY_UIApplicationSupportsIndirectInputEvents = YES;
				INFOPLIST_KEY_UILaunchScreen_Generation = YES;
				INFOPLIST_KEY_UISupportedInterfaceOrientations_iPad = "UIInterfaceOrientationPortrait UIInterfaceOrientationPortraitUpsideDown UIInterfaceOrientationLandscapeLeft UIInterfaceOrientationLandscapeRight";
				INFOPLIST_KEY_UISupportedInterfaceOrientations_iPhone = "UIInterfaceOrientationPortrait UIInterfaceOrientationLandscapeLeft UIInterfaceOrientationLandscapeRight";
				IPHONEOS_DEPLOYMENT_TARGET = 15.5;
				LD_RUNPATH_SEARCH_PATHS = (
					"$(inherited)",
					"@executable_path/Frameworks",
				);
				MARKETING_VERSION = 1.0;
				PRODUCT_BUNDLE_IDENTIFIER = com.signup.myGymBuddy;
				PRODUCT_NAME = MyGymBuddy;
				PROVISIONING_PROFILE_SPECIFIER = "";
				SWIFT_EMIT_LOC_STRINGS = YES;
				SWIFT_VERSION = 5.0;
				TARGETED_DEVICE_FAMILY = "1,2";
			};
			name = Debug;
		};
		DE03D969286CAA2D00E12E0F /* Release */ = {
			isa = XCBuildConfiguration;
			buildSettings = {
				ASSETCATALOG_COMPILER_APPICON_NAME = AppIcon;
				ASSETCATALOG_COMPILER_GLOBAL_ACCENT_COLOR_NAME = AccentColor;
				CODE_SIGN_IDENTITY = "Apple Development";
				CODE_SIGN_STYLE = Automatic;
				CURRENT_PROJECT_VERSION = 1;
				DEVELOPMENT_ASSET_PATHS = "\"myGymBuddy/Preview Content\"";
				DEVELOPMENT_TEAM = T22LLLY7PY;
				ENABLE_PREVIEWS = YES;
				GENERATE_INFOPLIST_FILE = YES;
				INFOPLIST_KEY_UIApplicationSceneManifest_Generation = YES;
				INFOPLIST_KEY_UIApplicationSupportsIndirectInputEvents = YES;
				INFOPLIST_KEY_UILaunchScreen_Generation = YES;
				INFOPLIST_KEY_UISupportedInterfaceOrientations_iPad = "UIInterfaceOrientationPortrait UIInterfaceOrientationPortraitUpsideDown UIInterfaceOrientationLandscapeLeft UIInterfaceOrientationLandscapeRight";
				INFOPLIST_KEY_UISupportedInterfaceOrientations_iPhone = "UIInterfaceOrientationPortrait UIInterfaceOrientationLandscapeLeft UIInterfaceOrientationLandscapeRight";
				IPHONEOS_DEPLOYMENT_TARGET = 15.5;
				LD_RUNPATH_SEARCH_PATHS = (
					"$(inherited)",
					"@executable_path/Frameworks",
				);
				MARKETING_VERSION = 1.0;
				PRODUCT_BUNDLE_IDENTIFIER = com.signup.myGymBuddy;
				PRODUCT_NAME = MyGymBuddy;
				PROVISIONING_PROFILE_SPECIFIER = "";
				SWIFT_EMIT_LOC_STRINGS = YES;
				SWIFT_VERSION = 5.0;
				TARGETED_DEVICE_FAMILY = "1,2";
			};
			name = Release;
		};
/* End XCBuildConfiguration section */

/* Begin XCConfigurationList section */
		DE03D954286CAA2C00E12E0F /* Build configuration list for PBXProject "myGymBuddy" */ = {
			isa = XCConfigurationList;
			buildConfigurations = (
				DE03D965286CAA2D00E12E0F /* Debug */,
				DE03D966286CAA2D00E12E0F /* Release */,
			);
			defaultConfigurationIsVisible = 0;
			defaultConfigurationName = Release;
		};
		DE03D967286CAA2D00E12E0F /* Build configuration list for PBXNativeTarget "MyGymBuddy" */ = {
			isa = XCConfigurationList;
			buildConfigurations = (
				DE03D968286CAA2D00E12E0F /* Debug */,
				DE03D969286CAA2D00E12E0F /* Release */,
			);
			defaultConfigurationIsVisible = 0;
			defaultConfigurationName = Release;
		};
/* End XCConfigurationList section */

/* Begin XCVersionGroup section */
		DE9BEF6228BFB95F00D22AD6 /* CoreDataModel.xcdatamodeld */ = {
			isa = XCVersionGroup;
			children = (
				DE9BEF6328BFB95F00D22AD6 /* CoreDataModel.xcdatamodel */,
			);
			currentVersion = DE9BEF6328BFB95F00D22AD6 /* CoreDataModel.xcdatamodel */;
			path = CoreDataModel.xcdatamodeld;
			sourceTree = "<group>";
			versionGroupType = wrapper.xcdatamodel;
		};
/* End XCVersionGroup section */
	};
	rootObject = DE03D951286CAA2C00E12E0F /* Project object */;
}
